
Microsoft Visual Studio Solution File, Format Version 12.00
# Visual Studio Version 16
VisualStudioVersion = 16.0.31911.196
MinimumVisualStudioVersion = 10.0.40219.1
Project("{FAE04EC0-301F-11D3-BF4B-00C04F79EFBC}") = "task2LVL2(API)private", "task2LVL2(API)private\task2LVL2(API)private.csproj", "{4C47659E-167E-41C5-94B2-57F91B6FE8F2}"
EndProject
Global
	GlobalSection(SolutionConfigurationPlatforms) = preSolution
		Debug|Any CPU = Debug|Any CPU
		Release|Any CPU = Release|Any CPU
	EndGlobalSection
	GlobalSection(ProjectConfigurationPlatforms) = postSolution
		{4C47659E-167E-41C5-94B2-57F91B6FE8F2}.Debug|Any CPU.ActiveCfg = Debug|Any CPU
		{4C47659E-167E-41C5-94B2-57F91B6FE8F2}.Debug|Any CPU.Build.0 = Debug|Any CPU
		{4C47659E-167E-41C5-94B2-57F91B6FE8F2}.Release|Any CPU.ActiveCfg = Release|Any CPU
		{4C47659E-167E-41C5-94B2-57F91B6FE8F2}.Release|Any CPU.Build.0 = Release|Any CPU
	EndGlobalSection
	GlobalSection(SolutionProperties) = preSolution
		HideSolutionNode = FALSE
	EndGlobalSection
	GlobalSection(ExtensibilityGlobals) = postSolution
		SolutionGuid = {5FE47C46-DDE7-4F98-90F8-1F97E386DB28}
	EndGlobalSection
EndGlobal
